
Microsoft Visual Studio Solution File, Format Version 12.00
# Visual Studio Version 16
VisualStudioVersion = 16.0.30204.135
MinimumVisualStudioVersion = 10.0.40219.1
Project("{F184B08F-C81C-45F6-A57F-5ABD9991F28F}") = "Project_GUI", "Project_GUI\Project_GUI.vbproj", "{2D018F47-2D02-44C3-882E-907D73FA85B2}"
EndProject
Global
	GlobalSection(SolutionConfigurationPlatforms) = preSolution
		Debug|Any CPU = Debug|Any CPU
		Release|Any CPU = Release|Any CPU
	EndGlobalSection
	GlobalSection(ProjectConfigurationPlatforms) = postSolution
		{2D018F47-2D02-44C3-882E-907D73FA85B2}.Debug|Any CPU.ActiveCfg = Debug|Any CPU
		{2D018F47-2D02-44C3-882E-907D73FA85B2}.Debug|Any CPU.Build.0 = Debug|Any CPU
		{2D018F47-2D02-44C3-882E-907D73FA85B2}.Release|Any CPU.ActiveCfg = Release|Any CPU
		{2D018F47-2D02-44C3-882E-907D73FA85B2}.Release|Any CPU.Build.0 = Release|Any CPU
	EndGlobalSection
	GlobalSection(SolutionProperties) = preSolution
		HideSolutionNode = FALSE
	EndGlobalSection
	GlobalSection(ExtensibilityGlobals) = postSolution
		SolutionGuid = {671B7CA1-E88F-4A44-8CAF-3A120B724888}
	EndGlobalSection
EndGlobal
